
Microsoft Visual Studio Solution File, Format Version 12.00
# Visual Studio 15
VisualStudioVersion = 15.0.35213.121
MinimumVisualStudioVersion = 10.0.40219.1
Project("{2150E333-8FDC-42A3-9474-1A3956D46DE8}") = "Solution Items", "Solution Items", "{3D4A10B3-4422-4D6E-BEC3-D85FC9972BE9}"
	ProjectSection(SolutionItems) = preProject
		CiftYonluOrnek2.cs = CiftYonluOrnek2.cs
		CiftYonluOrnek3.cs = CiftYonluOrnek3.cs
		CiftYonluOrnek4.cs = CiftYonluOrnek4.cs
		CiftYonluOrnek5.cs = CiftYonluOrnek5.cs
		GucluBagimlilikOrnek2.cs = GucluBagimlilikOrnek2.cs
		GucluBagimlilikOrnek3.cs = GucluBagimlilikOrnek3.cs
		GucluBagimlilikOrnek4.cs = GucluBagimlilikOrnek4.cs
		TekYonluOrnek2.cs = TekYonluOrnek2.cs
		TekYonluOrnek3.cs = TekYonluOrnek3.cs
		TekYonluOrnek4.cs = TekYonluOrnek4.cs
		TekYonluOrnek5.cs = TekYonluOrnek5.cs
		ZayifBagimlilikOrnek2.cs = ZayifBagimlilikOrnek2.cs
		ZayifBagimlilikOrnek3.cs = ZayifBagimlilikOrnek3.cs
		ZayifBagimlilikOrnek4.cs = ZayifBagimlilikOrnek4.cs
	EndProjectSection
EndProject
Global
	GlobalSection(SolutionProperties) = preSolution
		HideSolutionNode = FALSE
	EndGlobalSection
	GlobalSection(ExtensibilityGlobals) = postSolution
		SolutionGuid = {A0C02BCE-A4CE-45A8-9869-C1EC2A94674E}
	EndGlobalSection
EndGlobal
